# This file was autogenerated by Stack.
# You should not edit this file by hand.
# For more information, please see the documentation at:
#   https://docs.haskellstack.org/en/stable/lock_files

packages:
- completed:
    hackage: hex-text-0.1.0.0@sha256:52dc2cf5ce45f7d86ea5e56e2ac57820f788c10bbb3fe83f6d57e678a426305b,1072
    pantry-tree:
      size: 314
      sha256: 84ce6d618602d39e89e28b1a9cc41f0def4786d7046ac0a742557b5ab5381466
  original:
    hackage: hex-text-0.1.0.0
- completed:
    name: pcap
    version: '0.5'
    git: https://github.com/gnumonik/pcap.git
    pantry-tree:
      size: 7343
      sha256: 9918d044ea225225fa01c554a15e52c0862171ae590bc0dc6a8bbc099df2e7c0
    commit: ff07b1ae3299e1c375be427d5ce4db0639fead29
  original:
    git: https://github.com/gnumonik/pcap.git
    commit: ff07b1ae3299e1c375be427d5ce4db0639fead29
snapshots:
- completed:
    size: 523878
    url: https://raw.githubusercontent.com/commercialhaskell/stackage-snapshots/master/lts/14/3.yaml
    sha256: 470c46c27746a48c7c50f829efc0cf00112787a7804ee4ac7a27754658f6d92c
  original: lts-14.3
